
Microsoft Visual Studio Solution File, Format Version 12.00
# Visual Studio Version 16
VisualStudioVersion = 16.0.30114.105
MinimumVisualStudioVersion = 10.0.40219.1
Project("{FAE04EC0-301F-11D3-BF4B-00C04F79EFBC}") = "API", "API\API.csproj", "{104B3C55-E217-4E80-BBCE-8F96B88E9E31}"
EndProject
Project("{FAE04EC0-301F-11D3-BF4B-00C04F79EFBC}") = "Infrastructure", "Infrastructure\Infrastructure.csproj", "{7E068F2D-DDF4-4C94-B0AA-26B0E9756C9B}"
EndProject
Project("{FAE04EC0-301F-11D3-BF4B-00C04F79EFBC}") = "Core", "Core\Core.csproj", "{CBEACF2D-101C-43CA-A475-C41D2E971B93}"
EndProject
Global
	GlobalSection(SolutionConfigurationPlatforms) = preSolution
		Debug|Any CPU = Debug|Any CPU
		Debug|x64 = Debug|x64
		Debug|x86 = Debug|x86
		Release|Any CPU = Release|Any CPU
		Release|x64 = Release|x64
		Release|x86 = Release|x86
	EndGlobalSection
	GlobalSection(SolutionProperties) = preSolution
		HideSolutionNode = FALSE
	EndGlobalSection
	GlobalSection(ProjectConfigurationPlatforms) = postSolution
		{104B3C55-E217-4E80-BBCE-8F96B88E9E31}.Debug|Any CPU.ActiveCfg = Debug|Any CPU
		{104B3C55-E217-4E80-BBCE-8F96B88E9E31}.Debug|Any CPU.Build.0 = Debug|Any CPU
		{104B3C55-E217-4E80-BBCE-8F96B88E9E31}.Debug|x64.ActiveCfg = Debug|Any CPU
		{104B3C55-E217-4E80-BBCE-8F96B88E9E31}.Debug|x64.Build.0 = Debug|Any CPU
		{104B3C55-E217-4E80-BBCE-8F96B88E9E31}.Debug|x86.ActiveCfg = Debug|Any CPU
		{104B3C55-E217-4E80-BBCE-8F96B88E9E31}.Debug|x86.Build.0 = Debug|Any CPU
		{104B3C55-E217-4E80-BBCE-8F96B88E9E31}.Release|Any CPU.ActiveCfg = Release|Any CPU
		{104B3C55-E217-4E80-BBCE-8F96B88E9E31}.Release|Any CPU.Build.0 = Release|Any CPU
		{104B3C55-E217-4E80-BBCE-8F96B88E9E31}.Release|x64.ActiveCfg = Release|Any CPU
		{104B3C55-E217-4E80-BBCE-8F96B88E9E31}.Release|x64.Build.0 = Release|Any CPU
		{104B3C55-E217-4E80-BBCE-8F96B88E9E31}.Release|x86.ActiveCfg = Release|Any CPU
		{104B3C55-E217-4E80-BBCE-8F96B88E9E31}.Release|x86.Build.0 = Release|Any CPU
		{7E068F2D-DDF4-4C94-B0AA-26B0E9756C9B}.Debug|Any CPU.ActiveCfg = Debug|Any CPU
		{7E068F2D-DDF4-4C94-B0AA-26B0E9756C9B}.Debug|Any CPU.Build.0 = Debug|Any CPU
		{7E068F2D-DDF4-4C94-B0AA-26B0E9756C9B}.Debug|x64.ActiveCfg = Debug|Any CPU
		{7E068F2D-DDF4-4C94-B0AA-26B0E9756C9B}.Debug|x64.Build.0 = Debug|Any CPU
		{7E068F2D-DDF4-4C94-B0AA-26B0E9756C9B}.Debug|x86.ActiveCfg = Debug|Any CPU
		{7E068F2D-DDF4-4C94-B0AA-26B0E9756C9B}.Debug|x86.Build.0 = Debug|Any CPU
		{7E068F2D-DDF4-4C94-B0AA-26B0E9756C9B}.Release|Any CPU.ActiveCfg = Release|Any CPU
		{7E068F2D-DDF4-4C94-B0AA-26B0E9756C9B}.Release|Any CPU.Build.0 = Release|Any CPU
		{7E068F2D-DDF4-4C94-B0AA-26B0E9756C9B}.Release|x64.ActiveCfg = Release|Any CPU
		{7E068F2D-DDF4-4C94-B0AA-26B0E9756C9B}.Release|x64.Build.0 = Release|Any CPU
		{7E068F2D-DDF4-4C94-B0AA-26B0E9756C9B}.Release|x86.ActiveCfg = Release|Any CPU
		{7E068F2D-DDF4-4C94-B0AA-26B0E9756C9B}.Release|x86.Build.0 = Release|Any CPU
		{CBEACF2D-101C-43CA-A475-C41D2E971B93}.Debug|Any CPU.ActiveCfg = Debug|Any CPU
		{CBEACF2D-101C-43CA-A475-C41D2E971B93}.Debug|Any CPU.Build.0 = Debug|Any CPU
		{CBEACF2D-101C-43CA-A475-C41D2E971B93}.Debug|x64.ActiveCfg = Debug|Any CPU
		{CBEACF2D-101C-43CA-A475-C41D2E971B93}.Debug|x64.Build.0 = Debug|Any CPU
		{CBEACF2D-101C-43CA-A475-C41D2E971B93}.Debug|x86.ActiveCfg = Debug|Any CPU
		{CBEACF2D-101C-43CA-A475-C41D2E971B93}.Debug|x86.Build.0 = Debug|Any CPU
		{CBEACF2D-101C-43CA-A475-C41D2E971B93}.Release|Any CPU.ActiveCfg = Release|Any CPU
		{CBEACF2D-101C-43CA-A475-C41D2E971B93}.Release|Any CPU.Build.0 = Release|Any CPU
		{CBEACF2D-101C-43CA-A475-C41D2E971B93}.Release|x64.ActiveCfg = Release|Any CPU
		{CBEACF2D-101C-43CA-A475-C41D2E971B93}.Release|x64.Build.0 = Release|Any CPU
		{CBEACF2D-101C-43CA-A475-C41D2E971B93}.Release|x86.ActiveCfg = Release|Any CPU
		{CBEACF2D-101C-43CA-A475-C41D2E971B93}.Release|x86.Build.0 = Release|Any CPU
	EndGlobalSection
EndGlobal
